{
  "version": "5",
  "specifiers": {
    "jsr:@logtape/logtape@^2.0.5": "2.0.5",
    "jsr:@std/assert@1": "1.0.19",
    "jsr:@std/bytes@^1.0.6": "1.0.6",
    "jsr:@std/crypto@^1.1.0": "1.1.0",
    "jsr:@std/internal@^1.0.12": "1.0.12",
    "jsr:@std/uuid@^1.1.1": "1.1.1"
  },
  "jsr": {
    "@logtape/logtape@2.0.5": {
      "integrity": "604d2121ed4ffb7aad35b47e729e2298d0cd7a7ddf1cb4171d27a61fa7d840a5"
    },
    "@std/assert@1.0.19": {
      "integrity": "eaada96ee120cb980bc47e040f82814d786fe8162ecc53c91d8df60b8755991e",
      "dependencies": [
        "jsr:@std/internal"
      ]
    },
    "@std/bytes@1.0.6": {
      "integrity": "f6ac6adbd8ccd99314045f5703e23af0a68d7f7e58364b47d2c7f408aeb5820a"
    },
    "@std/crypto@1.1.0": {
      "integrity": "b8d6d0a6377a32b213af2661ed7bf1062d94feac0c57def5526a8e74a95c3ec8"
    },
    "@std/internal@1.0.12": {
      "integrity": "972a634fd5bc34b242024402972cd5143eac68d8dffaca5eaa4dba30ce17b027"
    },
    "@std/uuid@1.1.1": {
      "integrity": "7b49060282d90f72fec64952f8c7a2914cbe6fdba3eca665f8cedc90830154a7",
      "dependencies": [
        "jsr:@std/bytes",
        "jsr:@std/crypto"
      ]
    }
  },
  "workspace": {
    "dependencies": [
      "jsr:@logtape/logtape@^2.0.5",
      "jsr:@std/assert@1",
      "jsr:@std/testing@1",
      "jsr:@std/uuid@^1.1.1"
    ]
  }
}
